// !$*UTF8*$!
{
	archiveVersion = 1;
	classes = {
	};
	objectVersion = 56;
	objects = {

/* Begin PBXBuildFile section */
		F30ADFEF2A12A7B700BC2722 /* AppDelegate.swift in Sources */ = {isa = PBXBuildFile; fileRef = F30ADFEE2A12A7B700BC2722 /* AppDelegate.swift */; };
		F30ADFF12A12A7B700BC2722 /* SceneDelegate.swift in Sources */ = {isa = PBXBuildFile; fileRef = F30ADFF02A12A7B700BC2722 /* SceneDelegate.swift */; };
		F30ADFF32A12A7B700BC2722 /* ViewController.swift in Sources */ = {isa = PBXBuildFile; fileRef = F30ADFF22A12A7B700BC2722 /* ViewController.swift */; };
		F30ADFF62A12A7B700BC2722 /* Main.storyboard in Resources */ = {isa = PBXBuildFile; fileRef = F30ADFF42A12A7B700BC2722 /* Main.storyboard */; };
		F30ADFF82A12A7BA00BC2722 /* Assets.xcassets in Resources */ = {isa = PBXBuildFile; fileRef = F30ADFF72A12A7BA00BC2722 /* Assets.xcassets */; };
		F30ADFFB2A12A7BA00BC2722 /* LaunchScreen.storyboard in Resources */ = {isa = PBXBuildFile; fileRef = F30ADFF92A12A7BA00BC2722 /* LaunchScreen.storyboard */; };
		F30AE0032A12A7CB00BC2722 /* PostModel.swift in Sources */ = {isa = PBXBuildFile; fileRef = F30AE0022A12A7CB00BC2722 /* PostModel.swift */; };
		F30AE00A2A12C26800BC2722 /* ApiService.swift in Sources */ = {isa = PBXBuildFile; fileRef = F30AE0092A12C26800BC2722 /* ApiService.swift */; };
		F30AE00E2A12C38000BC2722 /* PostCell.swift in Sources */ = {isa = PBXBuildFile; fileRef = F30AE00C2A12C38000BC2722 /* PostCell.swift */; };
		F30AE0122A12C85000BC2722 /* Common.swift in Sources */ = {isa = PBXBuildFile; fileRef = F30AE0112A12C85000BC2722 /* Common.swift */; };
		F30AE0152A12D99A00BC2722 /* PostViewModel.swift in Sources */ = {isa = PBXBuildFile; fileRef = F30AE0142A12D99A00BC2722 /* PostViewModel.swift */; };
/* End PBXBuildFile section */

/* Begin PBXFileReference section */
		F30ADFEB2A12A7B700BC2722 /* PostApp.app */ = {isa = PBXFileReference; explicitFileType = wrapper.application; includeInIndex = 0; path = PostApp.app; sourceTree = BUILT_PRODUCTS_DIR; };
		F30ADFEE2A12A7B700BC2722 /* AppDelegate.swift */ = {isa = PBXFileReference; lastKnownFileType = sourcecode.swift; path = AppDelegate.swift; sourceTree = "<group>"; };
		F30ADFF02A12A7B700BC2722 /* SceneDelegate.swift */ = {isa = PBXFileReference; lastKnownFileType = sourcecode.swift; path = SceneDelegate.swift; sourceTree = "<group>"; };
		F30ADFF22A12A7B700BC2722 /* ViewController.swift */ = {isa = PBXFileReference; lastKnownFileType = sourcecode.swift; path = ViewController.swift; sourceTree = "<group>"; };
		F30ADFF52A12A7B700BC2722 /* Base */ = {isa = PBXFileReference; lastKnownFileType = file.storyboard; name = Base; path = Base.lproj/Main.storyboard; sourceTree = "<group>"; };
		F30ADFF72A12A7BA00BC2722 /* Assets.xcassets */ = {isa = PBXFileReference; lastKnownFileType = folder.assetcatalog; path = Assets.xcassets; sourceTree = "<group>"; };
		F30ADFFA2A12A7BA00BC2722 /* Base */ = {isa = PBXFileReference; lastKnownFileType = file.storyboard; name = Base; path = Base.lproj/LaunchScreen.storyboard; sourceTree = "<group>"; };
		F30ADFFC2A12A7BA00BC2722 /* Info.plist */ = {isa = PBXFileReference; lastKnownFileType = text.plist.xml; path = Info.plist; sourceTree = "<group>"; };
		F30AE0022A12A7CB00BC2722 /* PostModel.swift */ = {isa = PBXFileReference; lastKnownFileType = sourcecode.swift; path = PostModel.swift; sourceTree = "<group>"; };
		F30AE0092A12C26800BC2722 /* ApiService.swift */ = {isa = PBXFileReference; lastKnownFileType = sourcecode.swift; path = ApiService.swift; sourceTree = "<group>"; };
		F30AE00C2A12C38000BC2722 /* PostCell.swift */ = {isa = PBXFileReference; lastKnownFileType = sourcecode.swift; path = PostCell.swift; sourceTree = "<group>"; };
		F30AE0112A12C85000BC2722 /* Common.swift */ = {isa = PBXFileReference; lastKnownFileType = sourcecode.swift; path = Common.swift; sourceTree = "<group>"; };
		F30AE0142A12D99A00BC2722 /* PostViewModel.swift */ = {isa = PBXFileReference; lastKnownFileType = sourcecode.swift; path = PostViewModel.swift; sourceTree = "<group>"; };
/* End PBXFileReference section */

/* Begin PBXFrameworksBuildPhase section */
		F30ADFE82A12A7B700BC2722 /* Frameworks */ = {
			isa = PBXFrameworksBuildPhase;
			buildActionMask = 2147483647;
			files = (
			);
			runOnlyForDeploymentPostprocessing = 0;
		};
/* End PBXFrameworksBuildPhase section */

/* Begin PBXGroup section */
		F30ADFE22A12A7B700BC2722 = {
			isa = PBXGroup;
			children = (
				F30ADFED2A12A7B700BC2722 /* PostApp */,
				F30ADFEC2A12A7B700BC2722 /* Products */,
			);
			sourceTree = "<group>";
		};
		F30ADFEC2A12A7B700BC2722 /* Products */ = {
			isa = PBXGroup;
			children = (
				F30ADFEB2A12A7B700BC2722 /* PostApp.app */,
			);
			name = Products;
			sourceTree = "<group>";
		};
		F30ADFED2A12A7B700BC2722 /* PostApp */ = {
			isa = PBXGroup;
			children = (
				F30AE0102A12C82A00BC2722 /* Utilities */,
				F30AE00B2A12C35D00BC2722 /* View */,
				F30AE0082A12C25300BC2722 /* ViewModel */,
				F30AE0072A12C24B00BC2722 /* Web */,
				F30AE0062A12C24600BC2722 /* Model */,
				F30ADFF02A12A7B700BC2722 /* SceneDelegate.swift */,
				F30ADFEE2A12A7B700BC2722 /* AppDelegate.swift */,
				F30ADFF42A12A7B700BC2722 /* Main.storyboard */,
				F30ADFF92A12A7BA00BC2722 /* LaunchScreen.storyboard */,
				F30ADFF72A12A7BA00BC2722 /* Assets.xcassets */,
				F30ADFFC2A12A7BA00BC2722 /* Info.plist */,
			);
			path = PostApp;
			sourceTree = "<group>";
		};
		F30AE0062A12C24600BC2722 /* Model */ = {
			isa = PBXGroup;
			children = (
				F30AE0022A12A7CB00BC2722 /* PostModel.swift */,
			);
			path = Model;
			sourceTree = "<group>";
		};
		F30AE0072A12C24B00BC2722 /* Web */ = {
			isa = PBXGroup;
			children = (
				F30AE0092A12C26800BC2722 /* ApiService.swift */,
			);
			path = Web;
			sourceTree = "<group>";
		};
		F30AE0082A12C25300BC2722 /* ViewModel */ = {
			isa = PBXGroup;
			children = (
				F30AE0142A12D99A00BC2722 /* PostViewModel.swift */,
			);
			path = ViewModel;
			sourceTree = "<group>";
		};
		F30AE00B2A12C35D00BC2722 /* View */ = {
			isa = PBXGroup;
			children = (
				F30ADFF22A12A7B700BC2722 /* ViewController.swift */,
				F30AE00C2A12C38000BC2722 /* PostCell.swift */,
			);
			path = View;
			sourceTree = "<group>";
		};
		F30AE0102A12C82A00BC2722 /* Utilities */ = {
			isa = PBXGroup;
			children = (
				F30AE0112A12C85000BC2722 /* Common.swift */,
			);
			path = Utilities;
			sourceTree = "<group>";
		};
/* End PBXGroup section */

/* Begin PBXNativeTarget section */
		F30ADFEA2A12A7B700BC2722 /* PostApp */ = {
			isa = PBXNativeTarget;
			buildConfigurationList = F30ADFFF2A12A7BA00BC2722 /* Build configuration list for PBXNativeTarget "PostApp" */;
			buildPhases = (
				F30ADFE72A12A7B700BC2722 /* Sources */,
				F30ADFE82A12A7B700BC2722 /* Frameworks */,
				F30ADFE92A12A7B700BC2722 /* Resources */,
			);
			buildRules = (
			);
			dependencies = (
			);
			name = PostApp;
			productName = PostApp;
			productReference = F30ADFEB2A12A7B700BC2722 /* PostApp.app */;
			productType = "com.apple.product-type.application";
		};
/* End PBXNativeTarget section */

/* Begin PBXProject section */
		F30ADFE32A12A7B700BC2722 /* Project object */ = {
			isa = PBXProject;
			attributes = {
				BuildIndependentTargetsInParallel = 1;
				LastSwiftUpdateCheck = 1430;
				LastUpgradeCheck = 1430;
				TargetAttributes = {
					F30ADFEA2A12A7B700BC2722 = {
						CreatedOnToolsVersion = 14.3;
					};
				};
			};
			buildConfigurationList = F30ADFE62A12A7B700BC2722 /* Build configuration list for PBXProject "PostApp" */;
			compatibilityVersion = "Xcode 14.0";
			developmentRegion = en;
			hasScannedForEncodings = 0;
			knownRegions = (
				en,
				Base,
			);
			mainGroup = F30ADFE22A12A7B700BC2722;
			productRefGroup = F30ADFEC2A12A7B700BC2722 /* Products */;
			projectDirPath = "";
			projectRoot = "";
			targets = (
				F30ADFEA2A12A7B700BC2722 /* PostApp */,
			);
		};
/* End PBXProject section */

/* Begin PBXResourcesBuildPhase section */
		F30ADFE92A12A7B700BC2722 /* Resources */ = {
			isa = PBXResourcesBuildPhase;
			buildActionMask = 2147483647;
			files = (
				F30ADFFB2A12A7BA00BC2722 /* LaunchScreen.storyboard in Resources */,
				F30ADFF82A12A7BA00BC2722 /* Assets.xcassets in Resources */,
				F30ADFF62A12A7B700BC2722 /* Main.storyboard in Resources */,
			);
			runOnlyForDeploymentPostprocessing = 0;
		};
/* End PBXResourcesBuildPhase section */

/* Begin PBXSourcesBuildPhase section */
		F30ADFE72A12A7B700BC2722 /* Sources */ = {
			isa = PBXSourcesBuildPhase;
			buildActionMask = 2147483647;
			files = (
				F30AE0152A12D99A00BC2722 /* PostViewModel.swift in Sources */,
				F30ADFF32A12A7B700BC2722 /* ViewController.swift in Sources */,
				F30AE00A2A12C26800BC2722 /* ApiService.swift in Sources */,
				F30AE0122A12C85000BC2722 /* Common.swift in Sources */,
				F30AE0032A12A7CB00BC2722 /* PostModel.swift in Sources */,
				F30ADFEF2A12A7B700BC2722 /* AppDelegate.swift in Sources */,
				F30ADFF12A12A7B700BC2722 /* SceneDelegate.swift in Sources */,
				F30AE00E2A12C38000BC2722 /* PostCell.swift in Sources */,
			);
			runOnlyForDeploymentPostprocessing = 0;
		};
/* End PBXSourcesBuildPhase section */

/* Begin PBXVariantGroup section */
		F30ADFF42A12A7B700BC2722 /* Main.storyboard */ = {
			isa = PBXVariantGroup;
			children = (
				F30ADFF52A12A7B700BC2722 /* Base */,
			);
			name = Main.storyboard;
			sourceTree = "<group>";
		};
		F30ADFF92A12A7BA00BC2722 /* LaunchScreen.storyboard */ = {
			isa = PBXVariantGroup;
			children = (
				F30ADFFA2A12A7BA00BC2722 /* Base */,
			);
			name = LaunchScreen.storyboard;
			sourceTree = "<group>";
		};
/* End PBXVariantGroup section */

/* Begin XCBuildConfiguration section */
		F30ADFFD2A12A7BA00BC2722 /* Debug */ = {
			isa = XCBuildConfiguration;
			buildSettings = {
				ALWAYS_SEARCH_USER_PATHS = NO;
				CLANG_ANALYZER_NONNULL = YES;
				CLANG_ANALYZER_NUMBER_OBJECT_CONVERSION = YES_AGGRESSIVE;
				CLANG_CXX_LANGUAGE_STANDARD = "gnu++20";
				CLANG_ENABLE_MODULES = YES;
				CLANG_ENABLE_OBJC_ARC = YES;
				CLANG_ENABLE_OBJC_WEAK = YES;
				CLANG_WARN_BLOCK_CAPTURE_AUTORELEASING = YES;
				CLANG_WARN_BOOL_CONVERSION = YES;
				CLANG_WARN_COMMA = YES;
				CLANG_WARN_CONSTANT_CONVERSION = YES;
				CLANG_WARN_DEPRECATED_OBJC_IMPLEMENTATIONS = YES;
				CLANG_WARN_DIRECT_OBJC_ISA_USAGE = YES_ERROR;
				CLANG_WARN_DOCUMENTATION_COMMENTS = YES;
				CLANG_WARN_EMPTY_BODY = YES;
				CLANG_WARN_ENUM_CONVERSION = YES;
				CLANG_WARN_INFINITE_RECURSION = YES;
				CLANG_WARN_INT_CONVERSION = YES;
				CLANG_WARN_NON_LITERAL_NULL_CONVERSION = YES;
				CLANG_WARN_OBJC_IMPLICIT_RETAIN_SELF = YES;
				CLANG_WARN_OBJC_LITERAL_CONVERSION = YES;
				CLANG_WARN_OBJC_ROOT_CLASS = YES_ERROR;
				CLANG_WARN_QUOTED_INCLUDE_IN_FRAMEWORK_HEADER = YES;
				CLANG_WARN_RANGE_LOOP_ANALYSIS = YES;
				CLANG_WARN_STRICT_PROTOTYPES = YES;
				CLANG_WARN_SUSPICIOUS_MOVE = YES;
				CLANG_WARN_UNGUARDED_AVAILABILITY = YES_AGGRESSIVE;
				CLANG_WARN_UNREACHABLE_CODE = YES;
				CLANG_WARN__DUPLICATE_METHOD_MATCH = YES;
				COPY_PHASE_STRIP = NO;
				DEBUG_INFORMATION_FORMAT = dwarf;
				ENABLE_STRICT_OBJC_MSGSEND = YES;
				ENABLE_TESTABILITY = YES;
				GCC_C_LANGUAGE_STANDARD = gnu11;
				GCC_DYNAMIC_NO_PIC = NO;
				GCC_NO_COMMON_BLOCKS = YES;
				GCC_OPTIMIZATION_LEVEL = 0;
				GCC_PREPROCESSOR_DEFINITIONS = (
					"DEBUG=1",
					"$(inherited)",
				);
				GCC_WARN_64_TO_32_BIT_CONVERSION = YES;
				GCC_WARN_ABOUT_RETURN_TYPE = YES_ERROR;
				GCC_WARN_UNDECLARED_SELECTOR = YES;
				GCC_WARN_UNINITIALIZED_AUTOS = YES_AGGRESSIVE;
				GCC_WARN_UNUSED_FUNCTION = YES;
				GCC_WARN_UNUSED_VARIABLE = YES;
				IPHONEOS_DEPLOYMENT_TARGET = 16.4;
				MTL_ENABLE_DEBUG_INFO = INCLUDE_SOURCE;
				MTL_FAST_MATH = YES;
				ONLY_ACTIVE_ARCH = YES;
				SDKROOT = iphoneos;
				SWIFT_ACTIVE_COMPILATION_CONDITIONS = DEBUG;
				SWIFT_OPTIMIZATION_LEVEL = "-Onone";
			};
			name = Debug;
		};
		F30ADFFE2A12A7BA00BC2722 /* Release */ = {
			isa = XCBuildConfiguration;
			buildSettings = {
				ALWAYS_SEARCH_USER_PATHS = NO;
				CLANG_ANALYZER_NONNULL = YES;
				CLANG_ANALYZER_NUMBER_OBJECT_CONVERSION = YES_AGGRESSIVE;
				CLANG_CXX_LANGUAGE_STANDARD = "gnu++20";
				CLANG_ENABLE_MODULES = YES;
				CLANG_ENABLE_OBJC_ARC = YES;
				CLANG_ENABLE_OBJC_WEAK = YES;
				CLANG_WARN_BLOCK_CAPTURE_AUTORELEASING = YES;
				CLANG_WARN_BOOL_CONVERSION = YES;
				CLANG_WARN_COMMA = YES;
				CLANG_WARN_CONSTANT_CONVERSION = YES;
				CLANG_WARN_DEPRECATED_OBJC_IMPLEMENTATIONS = YES;
				CLANG_WARN_DIRECT_OBJC_ISA_USAGE = YES_ERROR;
				CLANG_WARN_DOCUMENTATION_COMMENTS = YES;
				CLANG_WARN_EMPTY_BODY = YES;
				CLANG_WARN_ENUM_CONVERSION = YES;
				CLANG_WARN_INFINITE_RECURSION = YES;
				CLANG_WARN_INT_CONVERSION = YES;
				CLANG_WARN_NON_LITERAL_NULL_CONVERSION = YES;
				CLANG_WARN_OBJC_IMPLICIT_RETAIN_SELF = YES;
				CLANG_WARN_OBJC_LITERAL_CONVERSION = YES;
				CLANG_WARN_OBJC_ROOT_CLASS = YES_ERROR;
				CLANG_WARN_QUOTED_INCLUDE_IN_FRAMEWORK_HEADER = YES;
				CLANG_WARN_RANGE_LOOP_ANALYSIS = YES;
				CLANG_WARN_STRICT_PROTOTYPES = YES;
				CLANG_WARN_SUSPICIOUS_MOVE = YES;
				CLANG_WARN_UNGUARDED_AVAILABILITY = YES_AGGRESSIVE;
				CLANG_WARN_UNREACHABLE_CODE = YES;
				CLANG_WARN__DUPLICATE_METHOD_MATCH = YES;
				COPY_PHASE_STRIP = NO;
				DEBUG_INFORMATION_FORMAT = "dwarf-with-dsym";
				ENABLE_NS_ASSERTIONS = NO;
				ENABLE_STRICT_OBJC_MSGSEND = YES;
				GCC_C_LANGUAGE_STANDARD = gnu11;
				GCC_NO_COMMON_BLOCKS = YES;
				GCC_WARN_64_TO_32_BIT_CONVERSION = YES;
				GCC_WARN_ABOUT_RETURN_TYPE = YES_ERROR;
				GCC_WARN_UNDECLARED_SELECTOR = YES;
				GCC_WARN_UNINITIALIZED_AUTOS = YES_AGGRESSIVE;
				GCC_WARN_UNUSED_FUNCTION = YES;
				GCC_WARN_UNUSED_VARIABLE = YES;
				IPHONEOS_DEPLOYMENT_TARGET = 16.4;
				MTL_ENABLE_DEBUG_INFO = NO;
				MTL_FAST_MATH = YES;
				SDKROOT = iphoneos;
				SWIFT_COMPILATION_MODE = wholemodule;
				SWIFT_OPTIMIZATION_LEVEL = "-O";
				VALIDATE_PRODUCT = YES;
			};
			name = Release;
		};
		F30AE0002A12A7BA00BC2722 /* Debug */ = {
			isa = XCBuildConfiguration;
			buildSettings = {
				ASSETCATALOG_COMPILER_APPICON_NAME = AppIcon;
				ASSETCATALOG_COMPILER_GLOBAL_ACCENT_COLOR_NAME = AccentColor;
				CODE_SIGN_STYLE = Automatic;
				CURRENT_PROJECT_VERSION = 1;
				GENERATE_INFOPLIST_FILE = YES;
				INFOPLIST_FILE = PostApp/Info.plist;
				INFOPLIST_KEY_UIApplicationSupportsIndirectInputEvents = YES;
				INFOPLIST_KEY_UILaunchStoryboardName = LaunchScreen;
				INFOPLIST_KEY_UIMainStoryboardFile = Main;
				INFOPLIST_KEY_UISupportedInterfaceOrientations_iPad = "UIInterfaceOrientationPortrait UIInterfaceOrientationPortraitUpsideDown UIInterfaceOrientationLandscapeLeft UIInterfaceOrientationLandscapeRight";
				INFOPLIST_KEY_UISupportedInterfaceOrientations_iPhone = "UIInterfaceOrientationPortrait UIInterfaceOrientationLandscapeLeft UIInterfaceOrientationLandscapeRight";
				LD_RUNPATH_SEARCH_PATHS = (
					"$(inherited)",
					"@executable_path/Frameworks",
				);
				MARKETING_VERSION = 1.0;
				PRODUCT_BUNDLE_IDENTIFIER = com.RonaldWhigan.PostApp;
				PRODUCT_NAME = "$(TARGET_NAME)";
				SWIFT_EMIT_LOC_STRINGS = YES;
				SWIFT_VERSION = 5.0;
				TARGETED_DEVICE_FAMILY = "1,2";
			};
			name = Debug;
		};
		F30AE0012A12A7BA00BC2722 /* Release */ = {
			isa = XCBuildConfiguration;
			buildSettings = {
				ASSETCATALOG_COMPILER_APPICON_NAME = AppIcon;
				ASSETCATALOG_COMPILER_GLOBAL_ACCENT_COLOR_NAME = AccentColor;
				CODE_SIGN_STYLE = Automatic;
				CURRENT_PROJECT_VERSION = 1;
				GENERATE_INFOPLIST_FILE = YES;
				INFOPLIST_FILE = PostApp/Info.plist;
				INFOPLIST_KEY_UIApplicationSupportsIndirectInputEvents = YES;
				INFOPLIST_KEY_UILaunchStoryboardName = LaunchScreen;
				INFOPLIST_KEY_UIMainStoryboardFile = Main;
				INFOPLIST_KEY_UISupportedInterfaceOrientations_iPad = "UIInterfaceOrientationPortrait UIInterfaceOrientationPortraitUpsideDown UIInterfaceOrientationLandscapeLeft UIInterfaceOrientationLandscapeRight";
				INFOPLIST_KEY_UISupportedInterfaceOrientations_iPhone = "UIInterfaceOrientationPortrait UIInterfaceOrientationLandscapeLeft UIInterfaceOrientationLandscapeRight";
				LD_RUNPATH_SEARCH_PATHS = (
					"$(inherited)",
					"@executable_path/Frameworks",
				);
				MARKETING_VERSION = 1.0;
				PRODUCT_BUNDLE_IDENTIFIER = com.RonaldWhigan.PostApp;
				PRODUCT_NAME = "$(TARGET_NAME)";
				SWIFT_EMIT_LOC_STRINGS = YES;
				SWIFT_VERSION = 5.0;
				TARGETED_DEVICE_FAMILY = "1,2";
			};
			name = Release;
		};
/* End XCBuildConfiguration section */

/* Begin XCConfigurationList section */
		F30ADFE62A12A7B700BC2722 /* Build configuration list for PBXProject "PostApp" */ = {
			isa = XCConfigurationList;
			buildConfigurations = (
				F30ADFFD2A12A7BA00BC2722 /* Debug */,
				F30ADFFE2A12A7BA00BC2722 /* Release */,
			);
			defaultConfigurationIsVisible = 0;
			defaultConfigurationName = Release;
		};
		F30ADFFF2A12A7BA00BC2722 /* Build configuration list for PBXNativeTarget "PostApp" */ = {
			isa = XCConfigurationList;
			buildConfigurations = (
				F30AE0002A12A7BA00BC2722 /* Debug */,
				F30AE0012A12A7BA00BC2722 /* Release */,
			);
			defaultConfigurationIsVisible = 0;
			defaultConfigurationName = Release;
		};
/* End XCConfigurationList section */
	};
	rootObject = F30ADFE32A12A7B700BC2722 /* Project object */;
}
